// !$*UTF8*$!
{
	archiveVersion = 1;
	classes = {
	};
	objectVersion = 55;
	objects = {

/* Begin PBXBuildFile section */
		DA4D6CE828635EC6009F6B77 /* CategoryHome.swift in Sources */ = {isa = PBXBuildFile; fileRef = DA4D6CE728635EC6009F6B77 /* CategoryHome.swift */; };
		DA4D6CEA28635EE3009F6B77 /* CategoryRow.swift in Sources */ = {isa = PBXBuildFile; fileRef = DA4D6CE928635EE3009F6B77 /* CategoryRow.swift */; };
		DA4D6CEC28635EFD009F6B77 /* CategoryItem.swift in Sources */ = {isa = PBXBuildFile; fileRef = DA4D6CEB28635EFD009F6B77 /* CategoryItem.swift */; };
		DA4D6CEF28635F29009F6B77 /* LandmarksList.swift in Sources */ = {isa = PBXBuildFile; fileRef = DA4D6CEE28635F29009F6B77 /* LandmarksList.swift */; };
		DA4D6CF128635F3B009F6B77 /* LandmarkRow.swift in Sources */ = {isa = PBXBuildFile; fileRef = DA4D6CF028635F3B009F6B77 /* LandmarkRow.swift */; };
		DA4D6CF328635F53009F6B77 /* LandmarkDetail.swift in Sources */ = {isa = PBXBuildFile; fileRef = DA4D6CF228635F53009F6B77 /* LandmarkDetail.swift */; };
		DA4D6CF628635F85009F6B77 /* PageView.swift in Sources */ = {isa = PBXBuildFile; fileRef = DA4D6CF528635F85009F6B77 /* PageView.swift */; };
		DA4D6CF828635FA4009F6B77 /* PageViewController.swift in Sources */ = {isa = PBXBuildFile; fileRef = DA4D6CF728635FA4009F6B77 /* PageViewController.swift */; };
		DA4D6CFC28635FC4009F6B77 /* PageControl.swift in Sources */ = {isa = PBXBuildFile; fileRef = DA4D6CFB28635FC4009F6B77 /* PageControl.swift */; };
		DA4D6CFE28635FDC009F6B77 /* FeatureCard.swift in Sources */ = {isa = PBXBuildFile; fileRef = DA4D6CFD28635FDC009F6B77 /* FeatureCard.swift */; };
		DA4D6D0128636002009F6B77 /* ProfileHost.swift in Sources */ = {isa = PBXBuildFile; fileRef = DA4D6D0028636002009F6B77 /* ProfileHost.swift */; };
		DA4D6D032863601A009F6B77 /* ProfileSummary.swift in Sources */ = {isa = PBXBuildFile; fileRef = DA4D6D022863601A009F6B77 /* ProfileSummary.swift */; };
		DA4D6D0528636030009F6B77 /* ProfileEditor.swift in Sources */ = {isa = PBXBuildFile; fileRef = DA4D6D0428636030009F6B77 /* ProfileEditor.swift */; };
		DA4D6D0828636051009F6B77 /* HikeBadge.swift in Sources */ = {isa = PBXBuildFile; fileRef = DA4D6D0728636051009F6B77 /* HikeBadge.swift */; };
		DA4D6D0A28636069009F6B77 /* Badge.swift in Sources */ = {isa = PBXBuildFile; fileRef = DA4D6D0928636069009F6B77 /* Badge.swift */; };
		DA4D6D0C28636080009F6B77 /* BadgeBackground.swift in Sources */ = {isa = PBXBuildFile; fileRef = DA4D6D0B28636080009F6B77 /* BadgeBackground.swift */; };
		DA4D6D0E28636095009F6B77 /* BadgeSymbol.swift in Sources */ = {isa = PBXBuildFile; fileRef = DA4D6D0D28636095009F6B77 /* BadgeSymbol.swift */; };
		DA4D6D10286360AA009F6B77 /* RotatedBadgeSymbol.swift in Sources */ = {isa = PBXBuildFile; fileRef = DA4D6D0F286360AA009F6B77 /* RotatedBadgeSymbol.swift */; };
		DA4D6D12286360C9009F6B77 /* HexagonParameters.swift in Sources */ = {isa = PBXBuildFile; fileRef = DA4D6D11286360C9009F6B77 /* HexagonParameters.swift */; };
		DA4D6D15286360F0009F6B77 /* HikeView.swift in Sources */ = {isa = PBXBuildFile; fileRef = DA4D6D14286360F0009F6B77 /* HikeView.swift */; };
		DA4D6D1728636109009F6B77 /* HikeDetail.swift in Sources */ = {isa = PBXBuildFile; fileRef = DA4D6D1628636109009F6B77 /* HikeDetail.swift */; };
		DA4D6D1928636121009F6B77 /* HikeGraph.swift in Sources */ = {isa = PBXBuildFile; fileRef = DA4D6D1828636121009F6B77 /* HikeGraph.swift */; };
		DA4D6D1B28636136009F6B77 /* GraphCapsule.swift in Sources */ = {isa = PBXBuildFile; fileRef = DA4D6D1A28636136009F6B77 /* GraphCapsule.swift */; };
		DA4D6D1E2863615E009F6B77 /* CircleImage.swift in Sources */ = {isa = PBXBuildFile; fileRef = DA4D6D1D2863615E009F6B77 /* CircleImage.swift */; };
		DA4D6D202863616F009F6B77 /* MapView.swift in Sources */ = {isa = PBXBuildFile; fileRef = DA4D6D1F2863616F009F6B77 /* MapView.swift */; };
		DA4D6D2228636188009F6B77 /* FavoriteButton.swift in Sources */ = {isa = PBXBuildFile; fileRef = DA4D6D2128636188009F6B77 /* FavoriteButton.swift */; };
		DA4D6D25286361B4009F6B77 /* ModelData.swift in Sources */ = {isa = PBXBuildFile; fileRef = DA4D6D24286361B4009F6B77 /* ModelData.swift */; };
		DA4D6D27286361DE009F6B77 /* Landmark.swift in Sources */ = {isa = PBXBuildFile; fileRef = DA4D6D26286361DE009F6B77 /* Landmark.swift */; };
		DA4D6D29286361EE009F6B77 /* Hike.swift in Sources */ = {isa = PBXBuildFile; fileRef = DA4D6D28286361EE009F6B77 /* Hike.swift */; };
		DA4D6D2B28636212009F6B77 /* Profile.swift in Sources */ = {isa = PBXBuildFile; fileRef = DA4D6D2A28636212009F6B77 /* Profile.swift */; };
		DA4D6D2E2863623F009F6B77 /* landmarkData.json in Resources */ = {isa = PBXBuildFile; fileRef = DA4D6D2D2863623F009F6B77 /* landmarkData.json */; };
		DA4D6D3028636246009F6B77 /* hikeData.json in Resources */ = {isa = PBXBuildFile; fileRef = DA4D6D2F28636246009F6B77 /* hikeData.json */; };
		DA6405E02862111C00160B35 /* LandmarksApp.swift in Sources */ = {isa = PBXBuildFile; fileRef = DA6405DF2862111C00160B35 /* LandmarksApp.swift */; };
		DA6405E22862111C00160B35 /* ContentView.swift in Sources */ = {isa = PBXBuildFile; fileRef = DA6405E12862111C00160B35 /* ContentView.swift */; };
		DA6405E42862111D00160B35 /* Assets.xcassets in Resources */ = {isa = PBXBuildFile; fileRef = DA6405E32862111D00160B35 /* Assets.xcassets */; };
		DA6405E72862111D00160B35 /* Preview Assets.xcassets in Resources */ = {isa = PBXBuildFile; fileRef = DA6405E62862111D00160B35 /* Preview Assets.xcassets */; };
		DA6405F12862111D00160B35 /* LandmarksTests.swift in Sources */ = {isa = PBXBuildFile; fileRef = DA6405F02862111D00160B35 /* LandmarksTests.swift */; };
		DA6405FB2862111D00160B35 /* LandmarksUITests.swift in Sources */ = {isa = PBXBuildFile; fileRef = DA6405FA2862111D00160B35 /* LandmarksUITests.swift */; };
		DA6405FD2862111D00160B35 /* LandmarksUITestsLaunchTests.swift in Sources */ = {isa = PBXBuildFile; fileRef = DA6405FC2862111D00160B35 /* LandmarksUITestsLaunchTests.swift */; };
/* End PBXBuildFile section */

/* Begin PBXContainerItemProxy section */
		DA6405ED2862111D00160B35 /* PBXContainerItemProxy */ = {
			isa = PBXContainerItemProxy;
			containerPortal = DA6405D42862111C00160B35 /* Project object */;
			proxyType = 1;
			remoteGlobalIDString = DA6405DB2862111C00160B35;
			remoteInfo = Landmarks;
		};
		DA6405F72862111D00160B35 /* PBXContainerItemProxy */ = {
			isa = PBXContainerItemProxy;
			containerPortal = DA6405D42862111C00160B35 /* Project object */;
			proxyType = 1;
			remoteGlobalIDString = DA6405DB2862111C00160B35;
			remoteInfo = Landmarks;
		};
/* End PBXContainerItemProxy section */

/* Begin PBXFileReference section */
		DA4D6CE728635EC6009F6B77 /* CategoryHome.swift */ = {isa = PBXFileReference; lastKnownFileType = sourcecode.swift; path = CategoryHome.swift; sourceTree = "<group>"; };
		DA4D6CE928635EE3009F6B77 /* CategoryRow.swift */ = {isa = PBXFileReference; lastKnownFileType = sourcecode.swift; path = CategoryRow.swift; sourceTree = "<group>"; };
		DA4D6CEB28635EFD009F6B77 /* CategoryItem.swift */ = {isa = PBXFileReference; lastKnownFileType = sourcecode.swift; path = CategoryItem.swift; sourceTree = "<group>"; };
		DA4D6CEE28635F29009F6B77 /* LandmarksList.swift */ = {isa = PBXFileReference; lastKnownFileType = sourcecode.swift; path = LandmarksList.swift; sourceTree = "<group>"; };
		DA4D6CF028635F3B009F6B77 /* LandmarkRow.swift */ = {isa = PBXFileReference; lastKnownFileType = sourcecode.swift; path = LandmarkRow.swift; sourceTree = "<group>"; };
		DA4D6CF228635F53009F6B77 /* LandmarkDetail.swift */ = {isa = PBXFileReference; lastKnownFileType = sourcecode.swift; path = LandmarkDetail.swift; sourceTree = "<group>"; };
		DA4D6CF528635F85009F6B77 /* PageView.swift */ = {isa = PBXFileReference; lastKnownFileType = sourcecode.swift; path = PageView.swift; sourceTree = "<group>"; };
		DA4D6CF728635FA4009F6B77 /* PageViewController.swift */ = {isa = PBXFileReference; lastKnownFileType = sourcecode.swift; path = PageViewController.swift; sourceTree = "<group>"; };
		DA4D6CFB28635FC4009F6B77 /* PageControl.swift */ = {isa = PBXFileReference; lastKnownFileType = sourcecode.swift; path = PageControl.swift; sourceTree = "<group>"; };
		DA4D6CFD28635FDC009F6B77 /* FeatureCard.swift */ = {isa = PBXFileReference; lastKnownFileType = sourcecode.swift; path = FeatureCard.swift; sourceTree = "<group>"; };
		DA4D6D0028636002009F6B77 /* ProfileHost.swift */ = {isa = PBXFileReference; lastKnownFileType = sourcecode.swift; path = ProfileHost.swift; sourceTree = "<group>"; };
		DA4D6D022863601A009F6B77 /* ProfileSummary.swift */ = {isa = PBXFileReference; lastKnownFileType = sourcecode.swift; path = ProfileSummary.swift; sourceTree = "<group>"; };
		DA4D6D0428636030009F6B77 /* ProfileEditor.swift */ = {isa = PBXFileReference; lastKnownFileType = sourcecode.swift; path = ProfileEditor.swift; sourceTree = "<group>"; };
		DA4D6D0728636051009F6B77 /* HikeBadge.swift */ = {isa = PBXFileReference; lastKnownFileType = sourcecode.swift; path = HikeBadge.swift; sourceTree = "<group>"; };
		DA4D6D0928636069009F6B77 /* Badge.swift */ = {isa = PBXFileReference; lastKnownFileType = sourcecode.swift; path = Badge.swift; sourceTree = "<group>"; };
		DA4D6D0B28636080009F6B77 /* BadgeBackground.swift */ = {isa = PBXFileReference; lastKnownFileType = sourcecode.swift; path = BadgeBackground.swift; sourceTree = "<group>"; };
		DA4D6D0D28636095009F6B77 /* BadgeSymbol.swift */ = {isa = PBXFileReference; lastKnownFileType = sourcecode.swift; path = BadgeSymbol.swift; sourceTree = "<group>"; };
		DA4D6D0F286360AA009F6B77 /* RotatedBadgeSymbol.swift */ = {isa = PBXFileReference; lastKnownFileType = sourcecode.swift; path = RotatedBadgeSymbol.swift; sourceTree = "<group>"; };
		DA4D6D11286360C9009F6B77 /* HexagonParameters.swift */ = {isa = PBXFileReference; lastKnownFileType = sourcecode.swift; path = HexagonParameters.swift; sourceTree = "<group>"; };
		DA4D6D14286360F0009F6B77 /* HikeView.swift */ = {isa = PBXFileReference; lastKnownFileType = sourcecode.swift; path = HikeView.swift; sourceTree = "<group>"; };
		DA4D6D1628636109009F6B77 /* HikeDetail.swift */ = {isa = PBXFileReference; lastKnownFileType = sourcecode.swift; path = HikeDetail.swift; sourceTree = "<group>"; };
		DA4D6D1828636121009F6B77 /* HikeGraph.swift */ = {isa = PBXFileReference; lastKnownFileType = sourcecode.swift; path = HikeGraph.swift; sourceTree = "<group>"; };
		DA4D6D1A28636136009F6B77 /* GraphCapsule.swift */ = {isa = PBXFileReference; lastKnownFileType = sourcecode.swift; path = GraphCapsule.swift; sourceTree = "<group>"; };
		DA4D6D1D2863615E009F6B77 /* CircleImage.swift */ = {isa = PBXFileReference; lastKnownFileType = sourcecode.swift; path = CircleImage.swift; sourceTree = "<group>"; };
		DA4D6D1F2863616F009F6B77 /* MapView.swift */ = {isa = PBXFileReference; lastKnownFileType = sourcecode.swift; path = MapView.swift; sourceTree = "<group>"; };
		DA4D6D2128636188009F6B77 /* FavoriteButton.swift */ = {isa = PBXFileReference; lastKnownFileType = sourcecode.swift; path = FavoriteButton.swift; sourceTree = "<group>"; };
		DA4D6D24286361B4009F6B77 /* ModelData.swift */ = {isa = PBXFileReference; lastKnownFileType = sourcecode.swift; path = ModelData.swift; sourceTree = "<group>"; };
		DA4D6D26286361DE009F6B77 /* Landmark.swift */ = {isa = PBXFileReference; lastKnownFileType = sourcecode.swift; path = Landmark.swift; sourceTree = "<group>"; };
		DA4D6D28286361EE009F6B77 /* Hike.swift */ = {isa = PBXFileReference; lastKnownFileType = sourcecode.swift; path = Hike.swift; sourceTree = "<group>"; };
		DA4D6D2A28636212009F6B77 /* Profile.swift */ = {isa = PBXFileReference; lastKnownFileType = sourcecode.swift; path = Profile.swift; sourceTree = "<group>"; };
		DA4D6D2D2863623F009F6B77 /* landmarkData.json */ = {isa = PBXFileReference; fileEncoding = 4; lastKnownFileType = text.json; path = landmarkData.json; sourceTree = "<group>"; };
		DA4D6D2F28636246009F6B77 /* hikeData.json */ = {isa = PBXFileReference; fileEncoding = 4; lastKnownFileType = text.json; path = hikeData.json; sourceTree = "<group>"; };
		DA6405DC2862111C00160B35 /* Landmarks.app */ = {isa = PBXFileReference; explicitFileType = wrapper.application; includeInIndex = 0; path = Landmarks.app; sourceTree = BUILT_PRODUCTS_DIR; };
		DA6405DF2862111C00160B35 /* LandmarksApp.swift */ = {isa = PBXFileReference; lastKnownFileType = sourcecode.swift; path = LandmarksApp.swift; sourceTree = "<group>"; };
		DA6405E12862111C00160B35 /* ContentView.swift */ = {isa = PBXFileReference; lastKnownFileType = sourcecode.swift; path = ContentView.swift; sourceTree = "<group>"; };
		DA6405E32862111D00160B35 /* Assets.xcassets */ = {isa = PBXFileReference; lastKnownFileType = folder.assetcatalog; path = Assets.xcassets; sourceTree = "<group>"; };
		DA6405E62862111D00160B35 /* Preview Assets.xcassets */ = {isa = PBXFileReference; lastKnownFileType = folder.assetcatalog; path = "Preview Assets.xcassets"; sourceTree = "<group>"; };
		DA6405EC2862111D00160B35 /* LandmarksTests.xctest */ = {isa = PBXFileReference; explicitFileType = wrapper.cfbundle; includeInIndex = 0; path = LandmarksTests.xctest; sourceTree = BUILT_PRODUCTS_DIR; };
		DA6405F02862111D00160B35 /* LandmarksTests.swift */ = {isa = PBXFileReference; lastKnownFileType = sourcecode.swift; path = LandmarksTests.swift; sourceTree = "<group>"; };
		DA6405F62862111D00160B35 /* LandmarksUITests.xctest */ = {isa = PBXFileReference; explicitFileType = wrapper.cfbundle; includeInIndex = 0; path = LandmarksUITests.xctest; sourceTree = BUILT_PRODUCTS_DIR; };
		DA6405FA2862111D00160B35 /* LandmarksUITests.swift */ = {isa = PBXFileReference; lastKnownFileType = sourcecode.swift; path = LandmarksUITests.swift; sourceTree = "<group>"; };
		DA6405FC2862111D00160B35 /* LandmarksUITestsLaunchTests.swift */ = {isa = PBXFileReference; lastKnownFileType = sourcecode.swift; path = LandmarksUITestsLaunchTests.swift; sourceTree = "<group>"; };
/* End PBXFileReference section */

/* Begin PBXFrameworksBuildPhase section */
		DA6405D92862111C00160B35 /* Frameworks */ = {
			isa = PBXFrameworksBuildPhase;
			buildActionMask = 2147483647;
			files = (
			);
			runOnlyForDeploymentPostprocessing = 0;
		};
		DA6405E92862111D00160B35 /* Frameworks */ = {
			isa = PBXFrameworksBuildPhase;
			buildActionMask = 2147483647;
			files = (
			);
			runOnlyForDeploymentPostprocessing = 0;
		};
		DA6405F32862111D00160B35 /* Frameworks */ = {
			isa = PBXFrameworksBuildPhase;
			buildActionMask = 2147483647;
			files = (
			);
			runOnlyForDeploymentPostprocessing = 0;
		};
/* End PBXFrameworksBuildPhase section */

/* Begin PBXGroup section */
		DA4D6CE528635E9B009F6B77 /* Views */ = {
			isa = PBXGroup;
			children = (
				DA6405E12862111C00160B35 /* ContentView.swift */,
				DA4D6D1C28636148009F6B77 /* Helpers */,
				DA4D6D13286360DC009F6B77 /* Hikes */,
				DA4D6D0628636041009F6B77 /* Badges */,
				DA4D6CFF28635FF1009F6B77 /* Profiles */,
				DA4D6CF428635F62009F6B77 /* PageView */,
				DA4D6CED28635F11009F6B77 /* Landmarks */,
				DA4D6CE628635EA4009F6B77 /* Categories */,
			);
			path = Views;
			sourceTree = "<group>";
		};
		DA4D6CE628635EA4009F6B77 /* Categories */ = {
			isa = PBXGroup;
			children = (
				DA4D6CE728635EC6009F6B77 /* CategoryHome.swift */,
				DA4D6CE928635EE3009F6B77 /* CategoryRow.swift */,
				DA4D6CEB28635EFD009F6B77 /* CategoryItem.swift */,
			);
			path = Categories;
			sourceTree = "<group>";
		};
		DA4D6CED28635F11009F6B77 /* Landmarks */ = {
			isa = PBXGroup;
			children = (
				DA4D6CEE28635F29009F6B77 /* LandmarksList.swift */,
				DA4D6CF028635F3B009F6B77 /* LandmarkRow.swift */,
				DA4D6CF228635F53009F6B77 /* LandmarkDetail.swift */,
			);
			path = Landmarks;
			sourceTree = "<group>";
		};
		DA4D6CF428635F62009F6B77 /* PageView */ = {
			isa = PBXGroup;
			children = (
				DA4D6CF528635F85009F6B77 /* PageView.swift */,
				DA4D6CF728635FA4009F6B77 /* PageViewController.swift */,
				DA4D6CFB28635FC4009F6B77 /* PageControl.swift */,
				DA4D6CFD28635FDC009F6B77 /* FeatureCard.swift */,
			);
			path = PageView;
			sourceTree = "<group>";
		};
		DA4D6CFF28635FF1009F6B77 /* Profiles */ = {
			isa = PBXGroup;
			children = (
				DA4D6D0028636002009F6B77 /* ProfileHost.swift */,
				DA4D6D022863601A009F6B77 /* ProfileSummary.swift */,
				DA4D6D0428636030009F6B77 /* ProfileEditor.swift */,
			);
			path = Profiles;
			sourceTree = "<group>";
		};
		DA4D6D0628636041009F6B77 /* Badges */ = {
			isa = PBXGroup;
			children = (
				DA4D6D0728636051009F6B77 /* HikeBadge.swift */,
				DA4D6D0928636069009F6B77 /* Badge.swift */,
				DA4D6D0B28636080009F6B77 /* BadgeBackground.swift */,
				DA4D6D0D28636095009F6B77 /* BadgeSymbol.swift */,
				DA4D6D0F286360AA009F6B77 /* RotatedBadgeSymbol.swift */,
				DA4D6D11286360C9009F6B77 /* HexagonParameters.swift */,
			);
			path = Badges;
			sourceTree = "<group>";
		};
		DA4D6D13286360DC009F6B77 /* Hikes */ = {
			isa = PBXGroup;
			children = (
				DA4D6D14286360F0009F6B77 /* HikeView.swift */,
				DA4D6D1628636109009F6B77 /* HikeDetail.swift */,
				DA4D6D1828636121009F6B77 /* HikeGraph.swift */,
				DA4D6D1A28636136009F6B77 /* GraphCapsule.swift */,
			);
			path = Hikes;
			sourceTree = "<group>";
		};
		DA4D6D1C28636148009F6B77 /* Helpers */ = {
			isa = PBXGroup;
			children = (
				DA4D6D1D2863615E009F6B77 /* CircleImage.swift */,
				DA4D6D1F2863616F009F6B77 /* MapView.swift */,
				DA4D6D2128636188009F6B77 /* FavoriteButton.swift */,
			);
			path = Helpers;
			sourceTree = "<group>";
		};
		DA4D6D23286361A5009F6B77 /* Model */ = {
			isa = PBXGroup;
			children = (
				DA4D6D24286361B4009F6B77 /* ModelData.swift */,
				DA4D6D26286361DE009F6B77 /* Landmark.swift */,
				DA4D6D28286361EE009F6B77 /* Hike.swift */,
				DA4D6D2A28636212009F6B77 /* Profile.swift */,
			);
			path = Model;
			sourceTree = "<group>";
		};
		DA4D6D2C28636233009F6B77 /* Resources */ = {
			isa = PBXGroup;
			children = (
				DA4D6D2F28636246009F6B77 /* hikeData.json */,
				DA4D6D2D2863623F009F6B77 /* landmarkData.json */,
			);
			path = Resources;
			sourceTree = "<group>";
		};
		DA6405D32862111C00160B35 = {
			isa = PBXGroup;
			children = (
				DA6405DE2862111C00160B35 /* Landmarks */,
				DA6405EF2862111D00160B35 /* LandmarksTests */,
				DA6405F92862111D00160B35 /* LandmarksUITests */,
				DA6405DD2862111C00160B35 /* Products */,
			);
			sourceTree = "<group>";
		};
		DA6405DD2862111C00160B35 /* Products */ = {
			isa = PBXGroup;
			children = (
				DA6405DC2862111C00160B35 /* Landmarks.app */,
				DA6405EC2862111D00160B35 /* LandmarksTests.xctest */,
				DA6405F62862111D00160B35 /* LandmarksUITests.xctest */,
			);
			name = Products;
			sourceTree = "<group>";
		};
		DA6405DE2862111C00160B35 /* Landmarks */ = {
			isa = PBXGroup;
			children = (
				DA6405DF2862111C00160B35 /* LandmarksApp.swift */,
				DA4D6D2C28636233009F6B77 /* Resources */,
				DA4D6D23286361A5009F6B77 /* Model */,
				DA4D6CE528635E9B009F6B77 /* Views */,
				DA6405E32862111D00160B35 /* Assets.xcassets */,
				DA6405E52862111D00160B35 /* Preview Content */,
			);
			path = Landmarks;
			sourceTree = "<group>";
		};
		DA6405E52862111D00160B35 /* Preview Content */ = {
			isa = PBXGroup;
			children = (
				DA6405E62862111D00160B35 /* Preview Assets.xcassets */,
			);
			path = "Preview Content";
			sourceTree = "<group>";
		};
		DA6405EF2862111D00160B35 /* LandmarksTests */ = {
			isa = PBXGroup;
			children = (
				DA6405F02862111D00160B35 /* LandmarksTests.swift */,
			);
			path = LandmarksTests;
			sourceTree = "<group>";
		};
		DA6405F92862111D00160B35 /* LandmarksUITests */ = {
			isa = PBXGroup;
			children = (
				DA6405FA2862111D00160B35 /* LandmarksUITests.swift */,
				DA6405FC2862111D00160B35 /* LandmarksUITestsLaunchTests.swift */,
			);
			path = LandmarksUITests;
			sourceTree = "<group>";
		};
/* End PBXGroup section */

/* Begin PBXNativeTarget section */
		DA6405DB2862111C00160B35 /* Landmarks */ = {
			isa = PBXNativeTarget;
			buildConfigurationList = DA6406002862111D00160B35 /* Build configuration list for PBXNativeTarget "Landmarks" */;
			buildPhases = (
				DA6405D82862111C00160B35 /* Sources */,
				DA6405D92862111C00160B35 /* Frameworks */,
				DA6405DA2862111C00160B35 /* Resources */,
			);
			buildRules = (
			);
			dependencies = (
			);
			name = Landmarks;
			productName = Landmarks;
			productReference = DA6405DC2862111C00160B35 /* Landmarks.app */;
			productType = "com.apple.product-type.application";
		};
		DA6405EB2862111D00160B35 /* LandmarksTests */ = {
			isa = PBXNativeTarget;
			buildConfigurationList = DA6406032862111D00160B35 /* Build configuration list for PBXNativeTarget "LandmarksTests" */;
			buildPhases = (
				DA6405E82862111D00160B35 /* Sources */,
				DA6405E92862111D00160B35 /* Frameworks */,
				DA6405EA2862111D00160B35 /* Resources */,
			);
			buildRules = (
			);
			dependencies = (
				DA6405EE2862111D00160B35 /* PBXTargetDependency */,
			);
			name = LandmarksTests;
			productName = LandmarksTests;
			productReference = DA6405EC2862111D00160B35 /* LandmarksTests.xctest */;
			productType = "com.apple.product-type.bundle.unit-test";
		};
		DA6405F52862111D00160B35 /* LandmarksUITests */ = {
			isa = PBXNativeTarget;
			buildConfigurationList = DA6406062862111D00160B35 /* Build configuration list for PBXNativeTarget "LandmarksUITests" */;
			buildPhases = (
				DA6405F22862111D00160B35 /* Sources */,
				DA6405F32862111D00160B35 /* Frameworks */,
				DA6405F42862111D00160B35 /* Resources */,
			);
			buildRules = (
			);
			dependencies = (
				DA6405F82862111D00160B35 /* PBXTargetDependency */,
			);
			name = LandmarksUITests;
			productName = LandmarksUITests;
			productReference = DA6405F62862111D00160B35 /* LandmarksUITests.xctest */;
			productType = "com.apple.product-type.bundle.ui-testing";
		};
/* End PBXNativeTarget section */

/* Begin PBXProject section */
		DA6405D42862111C00160B35 /* Project object */ = {
			isa = PBXProject;
			attributes = {
				BuildIndependentTargetsInParallel = 1;
				LastSwiftUpdateCheck = 1340;
				LastUpgradeCheck = 1340;
				TargetAttributes = {
					DA6405DB2862111C00160B35 = {
						CreatedOnToolsVersion = 13.4.1;
					};
					DA6405EB2862111D00160B35 = {
						CreatedOnToolsVersion = 13.4.1;
						TestTargetID = DA6405DB2862111C00160B35;
					};
					DA6405F52862111D00160B35 = {
						CreatedOnToolsVersion = 13.4.1;
						TestTargetID = DA6405DB2862111C00160B35;
					};
				};
			};
			buildConfigurationList = DA6405D72862111C00160B35 /* Build configuration list for PBXProject "Landmarks" */;
			compatibilityVersion = "Xcode 13.0";
			developmentRegion = en;
			hasScannedForEncodings = 0;
			knownRegions = (
				en,
				Base,
			);
			mainGroup = DA6405D32862111C00160B35;
			productRefGroup = DA6405DD2862111C00160B35 /* Products */;
			projectDirPath = "";
			projectRoot = "";
			targets = (
				DA6405DB2862111C00160B35 /* Landmarks */,
				DA6405EB2862111D00160B35 /* LandmarksTests */,
				DA6405F52862111D00160B35 /* LandmarksUITests */,
			);
		};
/* End PBXProject section */

/* Begin PBXResourcesBuildPhase section */
		DA6405DA2862111C00160B35 /* Resources */ = {
			isa = PBXResourcesBuildPhase;
			buildActionMask = 2147483647;
			files = (
				DA4D6D3028636246009F6B77 /* hikeData.json in Resources */,
				DA6405E72862111D00160B35 /* Preview Assets.xcassets in Resources */,
				DA6405E42862111D00160B35 /* Assets.xcassets in Resources */,
				DA4D6D2E2863623F009F6B77 /* landmarkData.json in Resources */,
			);
			runOnlyForDeploymentPostprocessing = 0;
		};
		DA6405EA2862111D00160B35 /* Resources */ = {
			isa = PBXResourcesBuildPhase;
			buildActionMask = 2147483647;
			files = (
			);
			runOnlyForDeploymentPostprocessing = 0;
		};
		DA6405F42862111D00160B35 /* Resources */ = {
			isa = PBXResourcesBuildPhase;
			buildActionMask = 2147483647;
			files = (
			);
			runOnlyForDeploymentPostprocessing = 0;
		};
/* End PBXResourcesBuildPhase section */

/* Begin PBXSourcesBuildPhase section */
		DA6405D82862111C00160B35 /* Sources */ = {
			isa = PBXSourcesBuildPhase;
			buildActionMask = 2147483647;
			files = (
				DA4D6D12286360C9009F6B77 /* HexagonParameters.swift in Sources */,
				DA6405E22862111C00160B35 /* ContentView.swift in Sources */,
				DA4D6D0A28636069009F6B77 /* Badge.swift in Sources */,
				DA4D6D1E2863615E009F6B77 /* CircleImage.swift in Sources */,
				DA4D6CF828635FA4009F6B77 /* PageViewController.swift in Sources */,
				DA4D6D1728636109009F6B77 /* HikeDetail.swift in Sources */,
				DA4D6D25286361B4009F6B77 /* ModelData.swift in Sources */,
				DA4D6D10286360AA009F6B77 /* RotatedBadgeSymbol.swift in Sources */,
				DA4D6D202863616F009F6B77 /* MapView.swift in Sources */,
				DA4D6D0528636030009F6B77 /* ProfileEditor.swift in Sources */,
				DA4D6D032863601A009F6B77 /* ProfileSummary.swift in Sources */,
				DA4D6CE828635EC6009F6B77 /* CategoryHome.swift in Sources */,
				DA4D6D2228636188009F6B77 /* FavoriteButton.swift in Sources */,
				DA4D6CEA28635EE3009F6B77 /* CategoryRow.swift in Sources */,
				DA4D6CEF28635F29009F6B77 /* LandmarksList.swift in Sources */,
				DA4D6D0128636002009F6B77 /* ProfileHost.swift in Sources */,
				DA4D6D0E28636095009F6B77 /* BadgeSymbol.swift in Sources */,
				DA4D6D1928636121009F6B77 /* HikeGraph.swift in Sources */,
				DA4D6CF328635F53009F6B77 /* LandmarkDetail.swift in Sources */,
				DA4D6D15286360F0009F6B77 /* HikeView.swift in Sources */,
				DA4D6CEC28635EFD009F6B77 /* CategoryItem.swift in Sources */,
				DA4D6CF128635F3B009F6B77 /* LandmarkRow.swift in Sources */,
				DA4D6D29286361EE009F6B77 /* Hike.swift in Sources */,
				DA4D6CFC28635FC4009F6B77 /* PageControl.swift in Sources */,
				DA4D6D0C28636080009F6B77 /* BadgeBackground.swift in Sources */,
				DA4D6D2B28636212009F6B77 /* Profile.swift in Sources */,
				DA4D6D1B28636136009F6B77 /* GraphCapsule.swift in Sources */,
				DA4D6CF628635F85009F6B77 /* PageView.swift in Sources */,
				DA4D6CFE28635FDC009F6B77 /* FeatureCard.swift in Sources */,
				DA4D6D0828636051009F6B77 /* HikeBadge.swift in Sources */,
				DA6405E02862111C00160B35 /* LandmarksApp.swift in Sources */,
				DA4D6D27286361DE009F6B77 /* Landmark.swift in Sources */,
			);
			runOnlyForDeploymentPostprocessing = 0;
		};
		DA6405E82862111D00160B35 /* Sources */ = {
			isa = PBXSourcesBuildPhase;
			buildActionMask = 2147483647;
			files = (
				DA6405F12862111D00160B35 /* LandmarksTests.swift in Sources */,
			);
			runOnlyForDeploymentPostprocessing = 0;
		};
		DA6405F22862111D00160B35 /* Sources */ = {
			isa = PBXSourcesBuildPhase;
			buildActionMask = 2147483647;
			files = (
				DA6405FD2862111D00160B35 /* LandmarksUITestsLaunchTests.swift in Sources */,
				DA6405FB2862111D00160B35 /* LandmarksUITests.swift in Sources */,
			);
			runOnlyForDeploymentPostprocessing = 0;
		};
/* End PBXSourcesBuildPhase section */

/* Begin PBXTargetDependency section */
		DA6405EE2862111D00160B35 /* PBXTargetDependency */ = {
			isa = PBXTargetDependency;
			target = DA6405DB2862111C00160B35 /* Landmarks */;
			targetProxy = DA6405ED2862111D00160B35 /* PBXContainerItemProxy */;
		};
		DA6405F82862111D00160B35 /* PBXTargetDependency */ = {
			isa = PBXTargetDependency;
			target = DA6405DB2862111C00160B35 /* Landmarks */;
			targetProxy = DA6405F72862111D00160B35 /* PBXContainerItemProxy */;
		};
/* End PBXTargetDependency section */

/* Begin XCBuildConfiguration section */
		DA6405FE2862111D00160B35 /* Debug */ = {
			isa = XCBuildConfiguration;
			buildSettings = {
				ALWAYS_SEARCH_USER_PATHS = NO;
				CLANG_ANALYZER_NONNULL = YES;
				CLANG_ANALYZER_NUMBER_OBJECT_CONVERSION = YES_AGGRESSIVE;
				CLANG_CXX_LANGUAGE_STANDARD = "gnu++17";
				CLANG_ENABLE_MODULES = YES;
				CLANG_ENABLE_OBJC_ARC = YES;
				CLANG_ENABLE_OBJC_WEAK = YES;
				CLANG_WARN_BLOCK_CAPTURE_AUTORELEASING = YES;
				CLANG_WARN_BOOL_CONVERSION = YES;
				CLANG_WARN_COMMA = YES;
				CLANG_WARN_CONSTANT_CONVERSION = YES;
				CLANG_WARN_DEPRECATED_OBJC_IMPLEMENTATIONS = YES;
				CLANG_WARN_DIRECT_OBJC_ISA_USAGE = YES_ERROR;
				CLANG_WARN_DOCUMENTATION_COMMENTS = YES;
				CLANG_WARN_EMPTY_BODY = YES;
				CLANG_WARN_ENUM_CONVERSION = YES;
				CLANG_WARN_INFINITE_RECURSION = YES;
				CLANG_WARN_INT_CONVERSION = YES;
				CLANG_WARN_NON_LITERAL_NULL_CONVERSION = YES;
				CLANG_WARN_OBJC_IMPLICIT_RETAIN_SELF = YES;
				CLANG_WARN_OBJC_LITERAL_CONVERSION = YES;
				CLANG_WARN_OBJC_ROOT_CLASS = YES_ERROR;
				CLANG_WARN_QUOTED_INCLUDE_IN_FRAMEWORK_HEADER = YES;
				CLANG_WARN_RANGE_LOOP_ANALYSIS = YES;
				CLANG_WARN_STRICT_PROTOTYPES = YES;
				CLANG_WARN_SUSPICIOUS_MOVE = YES;
				CLANG_WARN_UNGUARDED_AVAILABILITY = YES_AGGRESSIVE;
				CLANG_WARN_UNREACHABLE_CODE = YES;
				CLANG_WARN__DUPLICATE_METHOD_MATCH = YES;
				COPY_PHASE_STRIP = NO;
				DEBUG_INFORMATION_FORMAT = dwarf;
				ENABLE_STRICT_OBJC_MSGSEND = YES;
				ENABLE_TESTABILITY = YES;
				GCC_C_LANGUAGE_STANDARD = gnu11;
				GCC_DYNAMIC_NO_PIC = NO;
				GCC_NO_COMMON_BLOCKS = YES;
				GCC_OPTIMIZATION_LEVEL = 0;
				GCC_PREPROCESSOR_DEFINITIONS = (
					"DEBUG=1",
					"$(inherited)",
				);
				GCC_WARN_64_TO_32_BIT_CONVERSION = YES;
				GCC_WARN_ABOUT_RETURN_TYPE = YES_ERROR;
				GCC_WARN_UNDECLARED_SELECTOR = YES;
				GCC_WARN_UNINITIALIZED_AUTOS = YES_AGGRESSIVE;
				GCC_WARN_UNUSED_FUNCTION = YES;
				GCC_WARN_UNUSED_VARIABLE = YES;
				IPHONEOS_DEPLOYMENT_TARGET = 15.5;
				MTL_ENABLE_DEBUG_INFO = INCLUDE_SOURCE;
				MTL_FAST_MATH = YES;
				ONLY_ACTIVE_ARCH = YES;
				SDKROOT = iphoneos;
				SWIFT_ACTIVE_COMPILATION_CONDITIONS = DEBUG;
				SWIFT_OPTIMIZATION_LEVEL = "-Onone";
			};
			name = Debug;
		};
		DA6405FF2862111D00160B35 /* Release */ = {
			isa = XCBuildConfiguration;
			buildSettings = {
				ALWAYS_SEARCH_USER_PATHS = NO;
				CLANG_ANALYZER_NONNULL = YES;
				CLANG_ANALYZER_NUMBER_OBJECT_CONVERSION = YES_AGGRESSIVE;
				CLANG_CXX_LANGUAGE_STANDARD = "gnu++17";
				CLANG_ENABLE_MODULES = YES;
				CLANG_ENABLE_OBJC_ARC = YES;
				CLANG_ENABLE_OBJC_WEAK = YES;
				CLANG_WARN_BLOCK_CAPTURE_AUTORELEASING = YES;
				CLANG_WARN_BOOL_CONVERSION = YES;
				CLANG_WARN_COMMA = YES;
				CLANG_WARN_CONSTANT_CONVERSION = YES;
				CLANG_WARN_DEPRECATED_OBJC_IMPLEMENTATIONS = YES;
				CLANG_WARN_DIRECT_OBJC_ISA_USAGE = YES_ERROR;
				CLANG_WARN_DOCUMENTATION_COMMENTS = YES;
				CLANG_WARN_EMPTY_BODY = YES;
				CLANG_WARN_ENUM_CONVERSION = YES;
				CLANG_WARN_INFINITE_RECURSION = YES;
				CLANG_WARN_INT_CONVERSION = YES;
				CLANG_WARN_NON_LITERAL_NULL_CONVERSION = YES;
				CLANG_WARN_OBJC_IMPLICIT_RETAIN_SELF = YES;
				CLANG_WARN_OBJC_LITERAL_CONVERSION = YES;
				CLANG_WARN_OBJC_ROOT_CLASS = YES_ERROR;
				CLANG_WARN_QUOTED_INCLUDE_IN_FRAMEWORK_HEADER = YES;
				CLANG_WARN_RANGE_LOOP_ANALYSIS = YES;
				CLANG_WARN_STRICT_PROTOTYPES = YES;
				CLANG_WARN_SUSPICIOUS_MOVE = YES;
				CLANG_WARN_UNGUARDED_AVAILABILITY = YES_AGGRESSIVE;
				CLANG_WARN_UNREACHABLE_CODE = YES;
				CLANG_WARN__DUPLICATE_METHOD_MATCH = YES;
				COPY_PHASE_STRIP = NO;
				DEBUG_INFORMATION_FORMAT = "dwarf-with-dsym";
				ENABLE_NS_ASSERTIONS = NO;
				ENABLE_STRICT_OBJC_MSGSEND = YES;
				GCC_C_LANGUAGE_STANDARD = gnu11;
				GCC_NO_COMMON_BLOCKS = YES;
				GCC_WARN_64_TO_32_BIT_CONVERSION = YES;
				GCC_WARN_ABOUT_RETURN_TYPE = YES_ERROR;
				GCC_WARN_UNDECLARED_SELECTOR = YES;
				GCC_WARN_UNINITIALIZED_AUTOS = YES_AGGRESSIVE;
				GCC_WARN_UNUSED_FUNCTION = YES;
				GCC_WARN_UNUSED_VARIABLE = YES;
				IPHONEOS_DEPLOYMENT_TARGET = 15.5;
				MTL_ENABLE_DEBUG_INFO = NO;
				MTL_FAST_MATH = YES;
				SDKROOT = iphoneos;
				SWIFT_COMPILATION_MODE = wholemodule;
				SWIFT_OPTIMIZATION_LEVEL = "-O";
				VALIDATE_PRODUCT = YES;
			};
			name = Release;
		};
		DA6406012862111D00160B35 /* Debug */ = {
			isa = XCBuildConfiguration;
			buildSettings = {
				ASSETCATALOG_COMPILER_APPICON_NAME = AppIcon;
				ASSETCATALOG_COMPILER_GLOBAL_ACCENT_COLOR_NAME = AccentColor;
				CODE_SIGN_STYLE = Automatic;
				CURRENT_PROJECT_VERSION = 1;
				DEVELOPMENT_ASSET_PATHS = "\"Landmarks/Preview Content\"";
				DEVELOPMENT_TEAM = 88JDJAZFDJ;
				ENABLE_PREVIEWS = YES;
				GENERATE_INFOPLIST_FILE = YES;
				INFOPLIST_KEY_UIApplicationSceneManifest_Generation = YES;
				INFOPLIST_KEY_UIApplicationSupportsIndirectInputEvents = YES;
				INFOPLIST_KEY_UILaunchScreen_Generation = YES;
				INFOPLIST_KEY_UISupportedInterfaceOrientations_iPad = "UIInterfaceOrientationPortrait UIInterfaceOrientationPortraitUpsideDown UIInterfaceOrientationLandscapeLeft UIInterfaceOrientationLandscapeRight";
				INFOPLIST_KEY_UISupportedInterfaceOrientations_iPhone = "UIInterfaceOrientationPortrait UIInterfaceOrientationLandscapeLeft UIInterfaceOrientationLandscapeRight";
				LD_RUNPATH_SEARCH_PATHS = (
					"$(inherited)",
					"@executable_path/Frameworks",
				);
				MARKETING_VERSION = 1.0;
				PRODUCT_BUNDLE_IDENTIFIER = com.VitaleIndustries.Landmarks;
				PRODUCT_NAME = "$(TARGET_NAME)";
				SWIFT_EMIT_LOC_STRINGS = YES;
				SWIFT_VERSION = 5.0;
				TARGETED_DEVICE_FAMILY = "1,2";
			};
			name = Debug;
		};
		DA6406022862111D00160B35 /* Release */ = {
			isa = XCBuildConfiguration;
			buildSettings = {
				ASSETCATALOG_COMPILER_APPICON_NAME = AppIcon;
				ASSETCATALOG_COMPILER_GLOBAL_ACCENT_COLOR_NAME = AccentColor;
				CODE_SIGN_STYLE = Automatic;
				CURRENT_PROJECT_VERSION = 1;
				DEVELOPMENT_ASSET_PATHS = "\"Landmarks/Preview Content\"";
				DEVELOPMENT_TEAM = 88JDJAZFDJ;
				ENABLE_PREVIEWS = YES;
				GENERATE_INFOPLIST_FILE = YES;
				INFOPLIST_KEY_UIApplicationSceneManifest_Generation = YES;
				INFOPLIST_KEY_UIApplicationSupportsIndirectInputEvents = YES;
				INFOPLIST_KEY_UILaunchScreen_Generation = YES;
				INFOPLIST_KEY_UISupportedInterfaceOrientations_iPad = "UIInterfaceOrientationPortrait UIInterfaceOrientationPortraitUpsideDown UIInterfaceOrientationLandscapeLeft UIInterfaceOrientationLandscapeRight";
				INFOPLIST_KEY_UISupportedInterfaceOrientations_iPhone = "UIInterfaceOrientationPortrait UIInterfaceOrientationLandscapeLeft UIInterfaceOrientationLandscapeRight";
				LD_RUNPATH_SEARCH_PATHS = (
					"$(inherited)",
					"@executable_path/Frameworks",
				);
				MARKETING_VERSION = 1.0;
				PRODUCT_BUNDLE_IDENTIFIER = com.VitaleIndustries.Landmarks;
				PRODUCT_NAME = "$(TARGET_NAME)";
				SWIFT_EMIT_LOC_STRINGS = YES;
				SWIFT_VERSION = 5.0;
				TARGETED_DEVICE_FAMILY = "1,2";
			};
			name = Release;
		};
		DA6406042862111D00160B35 /* Debug */ = {
			isa = XCBuildConfiguration;
			buildSettings = {
				ALWAYS_EMBED_SWIFT_STANDARD_LIBRARIES = YES;
				BUNDLE_LOADER = "$(TEST_HOST)";
				CODE_SIGN_STYLE = Automatic;
				CURRENT_PROJECT_VERSION = 1;
				GENERATE_INFOPLIST_FILE = YES;
				IPHONEOS_DEPLOYMENT_TARGET = 15.5;
				MARKETING_VERSION = 1.0;
				PRODUCT_BUNDLE_IDENTIFIER = com.VitaleIndustries.LandmarksTests;
				PRODUCT_NAME = "$(TARGET_NAME)";
				SWIFT_EMIT_LOC_STRINGS = NO;
				SWIFT_VERSION = 5.0;
				TARGETED_DEVICE_FAMILY = "1,2";
				TEST_HOST = "$(BUILT_PRODUCTS_DIR)/Landmarks.app/Landmarks";
			};
			name = Debug;
		};
		DA6406052862111D00160B35 /* Release */ = {
			isa = XCBuildConfiguration;
			buildSettings = {
				ALWAYS_EMBED_SWIFT_STANDARD_LIBRARIES = YES;
				BUNDLE_LOADER = "$(TEST_HOST)";
				CODE_SIGN_STYLE = Automatic;
				CURRENT_PROJECT_VERSION = 1;
				GENERATE_INFOPLIST_FILE = YES;
				IPHONEOS_DEPLOYMENT_TARGET = 15.5;
				MARKETING_VERSION = 1.0;
				PRODUCT_BUNDLE_IDENTIFIER = com.VitaleIndustries.LandmarksTests;
				PRODUCT_NAME = "$(TARGET_NAME)";
				SWIFT_EMIT_LOC_STRINGS = NO;
				SWIFT_VERSION = 5.0;
				TARGETED_DEVICE_FAMILY = "1,2";
				TEST_HOST = "$(BUILT_PRODUCTS_DIR)/Landmarks.app/Landmarks";
			};
			name = Release;
		};
		DA6406072862111D00160B35 /* Debug */ = {
			isa = XCBuildConfiguration;
			buildSettings = {
				ALWAYS_EMBED_SWIFT_STANDARD_LIBRARIES = YES;
				CODE_SIGN_STYLE = Automatic;
				CURRENT_PROJECT_VERSION = 1;
				GENERATE_INFOPLIST_FILE = YES;
				MARKETING_VERSION = 1.0;
				PRODUCT_BUNDLE_IDENTIFIER = com.VitaleIndustries.LandmarksUITests;
				PRODUCT_NAME = "$(TARGET_NAME)";
				SWIFT_EMIT_LOC_STRINGS = NO;
				SWIFT_VERSION = 5.0;
				TARGETED_DEVICE_FAMILY = "1,2";
				TEST_TARGET_NAME = Landmarks;
			};
			name = Debug;
		};
		DA6406082862111D00160B35 /* Release */ = {
			isa = XCBuildConfiguration;
			buildSettings = {
				ALWAYS_EMBED_SWIFT_STANDARD_LIBRARIES = YES;
				CODE_SIGN_STYLE = Automatic;
				CURRENT_PROJECT_VERSION = 1;
				GENERATE_INFOPLIST_FILE = YES;
				MARKETING_VERSION = 1.0;
				PRODUCT_BUNDLE_IDENTIFIER = com.VitaleIndustries.LandmarksUITests;
				PRODUCT_NAME = "$(TARGET_NAME)";
				SWIFT_EMIT_LOC_STRINGS = NO;
				SWIFT_VERSION = 5.0;
				TARGETED_DEVICE_FAMILY = "1,2";
				TEST_TARGET_NAME = Landmarks;
			};
			name = Release;
		};
/* End XCBuildConfiguration section */

/* Begin XCConfigurationList section */
		DA6405D72862111C00160B35 /* Build configuration list for PBXProject "Landmarks" */ = {
			isa = XCConfigurationList;
			buildConfigurations = (
				DA6405FE2862111D00160B35 /* Debug */,
				DA6405FF2862111D00160B35 /* Release */,
			);
			defaultConfigurationIsVisible = 0;
			defaultConfigurationName = Release;
		};
		DA6406002862111D00160B35 /* Build configuration list for PBXNativeTarget "Landmarks" */ = {
			isa = XCConfigurationList;
			buildConfigurations = (
				DA6406012862111D00160B35 /* Debug */,
				DA6406022862111D00160B35 /* Release */,
			);
			defaultConfigurationIsVisible = 0;
			defaultConfigurationName = Release;
		};
		DA6406032862111D00160B35 /* Build configuration list for PBXNativeTarget "LandmarksTests" */ = {
			isa = XCConfigurationList;
			buildConfigurations = (
				DA6406042862111D00160B35 /* Debug */,
				DA6406052862111D00160B35 /* Release */,
			);
			defaultConfigurationIsVisible = 0;
			defaultConfigurationName = Release;
		};
		DA6406062862111D00160B35 /* Build configuration list for PBXNativeTarget "LandmarksUITests" */ = {
			isa = XCConfigurationList;
			buildConfigurations = (
				DA6406072862111D00160B35 /* Debug */,
				DA6406082862111D00160B35 /* Release */,
			);
			defaultConfigurationIsVisible = 0;
			defaultConfigurationName = Release;
		};
/* End XCConfigurationList section */
	};
	rootObject = DA6405D42862111C00160B35 /* Project object */;
}
